
Microsoft Visual Studio Solution File, Format Version 12.00
# Visual Studio 14
VisualStudioVersion = 14.0.25420.1
MinimumVisualStudioVersion = 10.0.40219.1
Project("{8BC9CEB8-8B4A-11D0-8D11-00A0C91BC942}") = "loadtest", "loadtest\loadtest.vcxproj", "{878F8FF1-C6F0-46FB-AF71-811A028EB9AE}"
EndProject
Project("{8BC9CEB8-8B4A-11D0-8D11-00A0C91BC942}") = "libcocos2d", "..\cocos2d\cocos\2d\libcocos2d.vcxproj", "{98A51BA8-FC3A-415B-AC8F-8C7BD464E93E}"
EndProject
Project("{8BC9CEB8-8B4A-11D0-8D11-00A0C91BC942}") = "libSpine", "..\cocos2d\cocos\editor-support\spine\proj.win32\libSpine.vcxproj", "{B7C2A162-DEC9-4418-972E-240AB3CBFCAE}"
EndProject
Project("{8BC9CEB8-8B4A-11D0-8D11-00A0C91BC942}") = "librecast", "..\cocos2d\external\recast\proj.win32\librecast.vcxproj", "{41E34993-647E-4282-8384-4AB1AE31A452}"
EndProject
Project("{8BC9CEB8-8B4A-11D0-8D11-00A0C91BC942}") = "protobuf-lite", "..\dep\protobuf-lite\proj.win32\protobuf-lite.vcxproj", "{42B93893-36F6-4848-BD66-8D017BACAC8A}"
EndProject
Project("{8BC9CEB8-8B4A-11D0-8D11-00A0C91BC942}") = "common", "..\proj.win32\common\common.vcxproj", "{FE46DB2B-1890-4F8A-9D56-972E3BDCE6D2}"
EndProject
Project("{8BC9CEB8-8B4A-11D0-8D11-00A0C91BC942}") = "game", "..\proj.win32\game\game.vcxproj", "{99338FEA-686E-4521-9175-59C05BA6E451}"
EndProject
Project("{8BC9CEB8-8B4A-11D0-8D11-00A0C91BC942}") = "sqlitecpp", "..\dep\sqlitecpp\proj.win32\sqlitecpp.vcxproj", "{5831A131-B0F8-4A14-8B8F-C9986419D656}"
EndProject
Global
	GlobalSection(SolutionConfigurationPlatforms) = preSolution
		Debug|x86 = Debug|x86
		Release|x86 = Release|x86
	EndGlobalSection
	GlobalSection(ProjectConfigurationPlatforms) = postSolution
		{878F8FF1-C6F0-46FB-AF71-811A028EB9AE}.Debug|x86.ActiveCfg = Debug|Win32
		{878F8FF1-C6F0-46FB-AF71-811A028EB9AE}.Debug|x86.Build.0 = Debug|Win32
		{878F8FF1-C6F0-46FB-AF71-811A028EB9AE}.Release|x86.ActiveCfg = Release|Win32
		{878F8FF1-C6F0-46FB-AF71-811A028EB9AE}.Release|x86.Build.0 = Release|Win32
		{98A51BA8-FC3A-415B-AC8F-8C7BD464E93E}.Debug|x86.ActiveCfg = Debug|Win32
		{98A51BA8-FC3A-415B-AC8F-8C7BD464E93E}.Debug|x86.Build.0 = Debug|Win32
		{98A51BA8-FC3A-415B-AC8F-8C7BD464E93E}.Release|x86.ActiveCfg = Release|Win32
		{98A51BA8-FC3A-415B-AC8F-8C7BD464E93E}.Release|x86.Build.0 = Release|Win32
		{B7C2A162-DEC9-4418-972E-240AB3CBFCAE}.Debug|x86.ActiveCfg = Debug|Win32
		{B7C2A162-DEC9-4418-972E-240AB3CBFCAE}.Debug|x86.Build.0 = Debug|Win32
		{B7C2A162-DEC9-4418-972E-240AB3CBFCAE}.Release|x86.ActiveCfg = Release|Win32
		{B7C2A162-DEC9-4418-972E-240AB3CBFCAE}.Release|x86.Build.0 = Release|Win32
		{41E34993-647E-4282-8384-4AB1AE31A452}.Debug|x86.ActiveCfg = Debug|Win32
		{41E34993-647E-4282-8384-4AB1AE31A452}.Debug|x86.Build.0 = Debug|Win32
		{41E34993-647E-4282-8384-4AB1AE31A452}.Release|x86.ActiveCfg = Release|Win32
		{41E34993-647E-4282-8384-4AB1AE31A452}.Release|x86.Build.0 = Release|Win32
		{42B93893-36F6-4848-BD66-8D017BACAC8A}.Debug|x86.ActiveCfg = Debug|Win32
		{42B93893-36F6-4848-BD66-8D017BACAC8A}.Debug|x86.Build.0 = Debug|Win32
		{42B93893-36F6-4848-BD66-8D017BACAC8A}.Release|x86.ActiveCfg = Release|Win32
		{42B93893-36F6-4848-BD66-8D017BACAC8A}.Release|x86.Build.0 = Release|Win32
		{FE46DB2B-1890-4F8A-9D56-972E3BDCE6D2}.Debug|x86.ActiveCfg = Debug|Win32
		{FE46DB2B-1890-4F8A-9D56-972E3BDCE6D2}.Debug|x86.Build.0 = Debug|Win32
		{FE46DB2B-1890-4F8A-9D56-972E3BDCE6D2}.Release|x86.ActiveCfg = Release|Win32
		{FE46DB2B-1890-4F8A-9D56-972E3BDCE6D2}.Release|x86.Build.0 = Release|Win32
		{99338FEA-686E-4521-9175-59C05BA6E451}.Debug|x86.ActiveCfg = Debug|Win32
		{99338FEA-686E-4521-9175-59C05BA6E451}.Debug|x86.Build.0 = Debug|Win32
		{99338FEA-686E-4521-9175-59C05BA6E451}.Release|x86.ActiveCfg = Release|Win32
		{99338FEA-686E-4521-9175-59C05BA6E451}.Release|x86.Build.0 = Release|Win32
		{5831A131-B0F8-4A14-8B8F-C9986419D656}.Debug|x86.ActiveCfg = Debug|Win32
		{5831A131-B0F8-4A14-8B8F-C9986419D656}.Debug|x86.Build.0 = Debug|Win32
		{5831A131-B0F8-4A14-8B8F-C9986419D656}.Release|x86.ActiveCfg = Release|Win32
		{5831A131-B0F8-4A14-8B8F-C9986419D656}.Release|x86.Build.0 = Release|Win32
	EndGlobalSection
	GlobalSection(SolutionProperties) = preSolution
		HideSolutionNode = FALSE
	EndGlobalSection
EndGlobal
